
Microsoft Visual Studio Solution File, Format Version 12.00
# Visual Studio Version 17
VisualStudioVersion = 17.7.34221.43
MinimumVisualStudioVersion = 10.0.40219.1
Project("{2150E333-8FDC-42A3-9474-1A3956D46DE8}") = "src", "src", "{FF5DDD52-C443-4263-B05C-0426D5BCB157}"
EndProject
Project("{2150E333-8FDC-42A3-9474-1A3956D46DE8}") = "corePackages", "corePackages", "{12BD7E8B-CA44-4646-BDE7-F4E36C50B25F}"
EndProject
Project("{2150E333-8FDC-42A3-9474-1A3956D46DE8}") = "crudExampleAPI", "crudExampleAPI", "{D0AB69FA-B098-4AD7-A65B-BD52FAB91F25}"
EndProject
Project("{9A19103F-16F7-4668-BE54-9A1E7A4F7556}") = "Core.CrossCuttingConcerns", "src\corePackages\Core.CrossCuttingConcerns\Core.CrossCuttingConcerns.csproj", "{09895D8E-D673-48E8-BC4D-5800ACC01AAD}"
EndProject
Project("{FAE04EC0-301F-11D3-BF4B-00C04F79EFBC}") = "Core.Application", "src\corePackages\Core.Application\Core.Application.csproj", "{A7DB1BCA-A508-4643-8085-2697D391A013}"
EndProject
Project("{FAE04EC0-301F-11D3-BF4B-00C04F79EFBC}") = "Core.Persistence", "src\corePackages\Core.Persistence\Core.Persistence.csproj", "{B2AE5B0A-2993-492E-93BD-FB9230699CE8}"
EndProject
Project("{FAE04EC0-301F-11D3-BF4B-00C04F79EFBC}") = "crudExampleAPI.Domain", "src\crudExampleAPI\crudExampleAPI.Domain\crudExampleAPI.Domain.csproj", "{E29E92B7-8EDC-465A-BF6A-539A9AE2A155}"
EndProject
Project("{FAE04EC0-301F-11D3-BF4B-00C04F79EFBC}") = "crudExampleAPI.Application", "src\crudExampleAPI\crudExampleAPI.Application\crudExampleAPI.Application.csproj", "{CA3FA86D-7F3E-49E8-B898-8253A228C84F}"
EndProject
Project("{FAE04EC0-301F-11D3-BF4B-00C04F79EFBC}") = "crudExampleAPI.Persistence", "src\crudExampleAPI\crudExampleAPI.Persistence\crudExampleAPI.Persistence.csproj", "{A6ED012C-F8B6-4EB5-9F5F-5D01237CD0D1}"
EndProject
Global
	GlobalSection(SolutionConfigurationPlatforms) = preSolution
		Debug|Any CPU = Debug|Any CPU
		Release|Any CPU = Release|Any CPU
	EndGlobalSection
	GlobalSection(ProjectConfigurationPlatforms) = postSolution
		{09895D8E-D673-48E8-BC4D-5800ACC01AAD}.Debug|Any CPU.ActiveCfg = Debug|Any CPU
		{09895D8E-D673-48E8-BC4D-5800ACC01AAD}.Debug|Any CPU.Build.0 = Debug|Any CPU
		{09895D8E-D673-48E8-BC4D-5800ACC01AAD}.Release|Any CPU.ActiveCfg = Release|Any CPU
		{09895D8E-D673-48E8-BC4D-5800ACC01AAD}.Release|Any CPU.Build.0 = Release|Any CPU
		{A7DB1BCA-A508-4643-8085-2697D391A013}.Debug|Any CPU.ActiveCfg = Debug|Any CPU
		{A7DB1BCA-A508-4643-8085-2697D391A013}.Debug|Any CPU.Build.0 = Debug|Any CPU
		{A7DB1BCA-A508-4643-8085-2697D391A013}.Release|Any CPU.ActiveCfg = Release|Any CPU
		{A7DB1BCA-A508-4643-8085-2697D391A013}.Release|Any CPU.Build.0 = Release|Any CPU
		{B2AE5B0A-2993-492E-93BD-FB9230699CE8}.Debug|Any CPU.ActiveCfg = Debug|Any CPU
		{B2AE5B0A-2993-492E-93BD-FB9230699CE8}.Debug|Any CPU.Build.0 = Debug|Any CPU
		{B2AE5B0A-2993-492E-93BD-FB9230699CE8}.Release|Any CPU.ActiveCfg = Release|Any CPU
		{B2AE5B0A-2993-492E-93BD-FB9230699CE8}.Release|Any CPU.Build.0 = Release|Any CPU
		{E29E92B7-8EDC-465A-BF6A-539A9AE2A155}.Debug|Any CPU.ActiveCfg = Debug|Any CPU
		{E29E92B7-8EDC-465A-BF6A-539A9AE2A155}.Debug|Any CPU.Build.0 = Debug|Any CPU
		{E29E92B7-8EDC-465A-BF6A-539A9AE2A155}.Release|Any CPU.ActiveCfg = Release|Any CPU
		{E29E92B7-8EDC-465A-BF6A-539A9AE2A155}.Release|Any CPU.Build.0 = Release|Any CPU
		{CA3FA86D-7F3E-49E8-B898-8253A228C84F}.Debug|Any CPU.ActiveCfg = Debug|Any CPU
		{CA3FA86D-7F3E-49E8-B898-8253A228C84F}.Debug|Any CPU.Build.0 = Debug|Any CPU
		{CA3FA86D-7F3E-49E8-B898-8253A228C84F}.Release|Any CPU.ActiveCfg = Release|Any CPU
		{CA3FA86D-7F3E-49E8-B898-8253A228C84F}.Release|Any CPU.Build.0 = Release|Any CPU
		{A6ED012C-F8B6-4EB5-9F5F-5D01237CD0D1}.Debug|Any CPU.ActiveCfg = Debug|Any CPU
		{A6ED012C-F8B6-4EB5-9F5F-5D01237CD0D1}.Debug|Any CPU.Build.0 = Debug|Any CPU
		{A6ED012C-F8B6-4EB5-9F5F-5D01237CD0D1}.Release|Any CPU.ActiveCfg = Release|Any CPU
		{A6ED012C-F8B6-4EB5-9F5F-5D01237CD0D1}.Release|Any CPU.Build.0 = Release|Any CPU
	EndGlobalSection
	GlobalSection(SolutionProperties) = preSolution
		HideSolutionNode = FALSE
	EndGlobalSection
	GlobalSection(NestedProjects) = preSolution
		{12BD7E8B-CA44-4646-BDE7-F4E36C50B25F} = {FF5DDD52-C443-4263-B05C-0426D5BCB157}
		{D0AB69FA-B098-4AD7-A65B-BD52FAB91F25} = {FF5DDD52-C443-4263-B05C-0426D5BCB157}
		{09895D8E-D673-48E8-BC4D-5800ACC01AAD} = {12BD7E8B-CA44-4646-BDE7-F4E36C50B25F}
		{A7DB1BCA-A508-4643-8085-2697D391A013} = {12BD7E8B-CA44-4646-BDE7-F4E36C50B25F}
		{B2AE5B0A-2993-492E-93BD-FB9230699CE8} = {12BD7E8B-CA44-4646-BDE7-F4E36C50B25F}
		{E29E92B7-8EDC-465A-BF6A-539A9AE2A155} = {D0AB69FA-B098-4AD7-A65B-BD52FAB91F25}
		{CA3FA86D-7F3E-49E8-B898-8253A228C84F} = {D0AB69FA-B098-4AD7-A65B-BD52FAB91F25}
		{A6ED012C-F8B6-4EB5-9F5F-5D01237CD0D1} = {D0AB69FA-B098-4AD7-A65B-BD52FAB91F25}
	EndGlobalSection
	GlobalSection(ExtensibilityGlobals) = postSolution
		SolutionGuid = {49BCCA46-FD7C-481C-8A13-8D1D2D187266}
	EndGlobalSection
EndGlobal
